
Microsoft Visual Studio Solution File, Format Version 12.00
# Visual Studio Version 16
VisualStudioVersion = 16.0.31605.320
MinimumVisualStudioVersion = 10.0.40219.1
Project("{FAE04EC0-301F-11D3-BF4B-00C04F79EFBC}") = "juego2D", "juego2D.csproj", "{908EA885-7F74-4C60-A807-1BA250EC387F}"
EndProject
Global
	GlobalSection(SolutionConfigurationPlatforms) = preSolution
		Debug|Any CPU = Debug|Any CPU
		Release|Any CPU = Release|Any CPU
	EndGlobalSection
	GlobalSection(ProjectConfigurationPlatforms) = postSolution
		{908EA885-7F74-4C60-A807-1BA250EC387F}.Debug|Any CPU.ActiveCfg = Debug|Any CPU
		{908EA885-7F74-4C60-A807-1BA250EC387F}.Debug|Any CPU.Build.0 = Debug|Any CPU
		{908EA885-7F74-4C60-A807-1BA250EC387F}.Release|Any CPU.ActiveCfg = Release|Any CPU
		{908EA885-7F74-4C60-A807-1BA250EC387F}.Release|Any CPU.Build.0 = Release|Any CPU
	EndGlobalSection
	GlobalSection(SolutionProperties) = preSolution
		HideSolutionNode = FALSE
	EndGlobalSection
	GlobalSection(ExtensibilityGlobals) = postSolution
		SolutionGuid = {C9A498DB-AA82-4A6E-BC75-9B9BE94FD204}
	EndGlobalSection
EndGlobal
